
Microsoft Visual Studio Solution File, Format Version 12.00
# Visual Studio Version 16
VisualStudioVersion = 16.0.30608.117
MinimumVisualStudioVersion = 10.0.40219.1
Project("{9A19103F-16F7-4668-BE54-9A1E7A4F7556}") = "PdfToolConsole", "PdfToolConsole\PdfToolConsole.csproj", "{531CB945-DB9B-44CB-ABFB-4735E10DB751}"
EndProject
Project("{FAE04EC0-301F-11D3-BF4B-00C04F79EFBC}") = "PdfTool", "PdfTool\PdfTool.csproj", "{C1DA9F02-65DC-444C-890B-724EF71BE9D8}"
EndProject
Project("{FAE04EC0-301F-11D3-BF4B-00C04F79EFBC}") = "PdfTool.Tests", "PdfTool.Tests\PdfTool.Tests.csproj", "{2510DA7D-EEA1-4629-BE21-76663D61A0C1}"
EndProject
Global
	GlobalSection(SolutionConfigurationPlatforms) = preSolution
		Debug|Any CPU = Debug|Any CPU
		Release|Any CPU = Release|Any CPU
	EndGlobalSection
	GlobalSection(ProjectConfigurationPlatforms) = postSolution
		{531CB945-DB9B-44CB-ABFB-4735E10DB751}.Debug|Any CPU.ActiveCfg = Debug|Any CPU
		{531CB945-DB9B-44CB-ABFB-4735E10DB751}.Debug|Any CPU.Build.0 = Debug|Any CPU
		{531CB945-DB9B-44CB-ABFB-4735E10DB751}.Release|Any CPU.ActiveCfg = Release|Any CPU
		{531CB945-DB9B-44CB-ABFB-4735E10DB751}.Release|Any CPU.Build.0 = Release|Any CPU
		{C1DA9F02-65DC-444C-890B-724EF71BE9D8}.Debug|Any CPU.ActiveCfg = Debug|Any CPU
		{C1DA9F02-65DC-444C-890B-724EF71BE9D8}.Debug|Any CPU.Build.0 = Debug|Any CPU
		{C1DA9F02-65DC-444C-890B-724EF71BE9D8}.Release|Any CPU.ActiveCfg = Release|Any CPU
		{C1DA9F02-65DC-444C-890B-724EF71BE9D8}.Release|Any CPU.Build.0 = Release|Any CPU
		{2510DA7D-EEA1-4629-BE21-76663D61A0C1}.Debug|Any CPU.ActiveCfg = Debug|Any CPU
		{2510DA7D-EEA1-4629-BE21-76663D61A0C1}.Debug|Any CPU.Build.0 = Debug|Any CPU
		{2510DA7D-EEA1-4629-BE21-76663D61A0C1}.Release|Any CPU.ActiveCfg = Release|Any CPU
		{2510DA7D-EEA1-4629-BE21-76663D61A0C1}.Release|Any CPU.Build.0 = Release|Any CPU
	EndGlobalSection
	GlobalSection(SolutionProperties) = preSolution
		HideSolutionNode = FALSE
	EndGlobalSection
	GlobalSection(ExtensibilityGlobals) = postSolution
		SolutionGuid = {C8E7B103-B240-4E66-BE6F-BA2AED377D9D}
	EndGlobalSection
EndGlobal
